
Microsoft Visual Studio Solution File, Format Version 12.00
# Visual Studio Version 17
VisualStudioVersion = 17.0.31903.59
MinimumVisualStudioVersion = 10.0.40219.1
Project("{FAE04EC0-301F-11D3-BF4B-00C04F79EFBC}") = "MoviesAPI", "MoviesAPI\MoviesAPI.csproj", "{281F8D84-7DFE-47FD-99CF-958180F76253}"
EndProject
Project("{FAE04EC0-301F-11D3-BF4B-00C04F79EFBC}") = "MVC test", "..\MVC\MVC test\MVC test.csproj", "{014657A2-6278-4828-B38A-F703015831C4}"
EndProject
Global
	GlobalSection(SolutionConfigurationPlatforms) = preSolution
		Debug|Any CPU = Debug|Any CPU
		Release|Any CPU = Release|Any CPU
	EndGlobalSection
	GlobalSection(SolutionProperties) = preSolution
		HideSolutionNode = FALSE
	EndGlobalSection
	GlobalSection(ProjectConfigurationPlatforms) = postSolution
		{281F8D84-7DFE-47FD-99CF-958180F76253}.Debug|Any CPU.ActiveCfg = Debug|Any CPU
		{281F8D84-7DFE-47FD-99CF-958180F76253}.Debug|Any CPU.Build.0 = Debug|Any CPU
		{281F8D84-7DFE-47FD-99CF-958180F76253}.Release|Any CPU.ActiveCfg = Release|Any CPU
		{281F8D84-7DFE-47FD-99CF-958180F76253}.Release|Any CPU.Build.0 = Release|Any CPU
		{014657A2-6278-4828-B38A-F703015831C4}.Debug|Any CPU.ActiveCfg = Debug|Any CPU
		{014657A2-6278-4828-B38A-F703015831C4}.Debug|Any CPU.Build.0 = Debug|Any CPU
		{014657A2-6278-4828-B38A-F703015831C4}.Release|Any CPU.ActiveCfg = Release|Any CPU
		{014657A2-6278-4828-B38A-F703015831C4}.Release|Any CPU.Build.0 = Release|Any CPU
	EndGlobalSection
EndGlobal
